// !$*UTF8*$!
{
	archiveVersion = 1;
	classes = {
	};
	objectVersion = 55;
	objects = {

/* Begin PBXBuildFile section */
		D276575C28A3D03F00F76787 /* Tests_iOS.swift in Sources */ = {isa = PBXBuildFile; fileRef = D276575B28A3D03F00F76787 /* Tests_iOS.swift */; };
		D276575E28A3D03F00F76787 /* Tests_iOSLaunchTests.swift in Sources */ = {isa = PBXBuildFile; fileRef = D276575D28A3D03F00F76787 /* Tests_iOSLaunchTests.swift */; };
		D276576828A3D03F00F76787 /* Tests_macOS.swift in Sources */ = {isa = PBXBuildFile; fileRef = D276576728A3D03F00F76787 /* Tests_macOS.swift */; };
		D276576A28A3D03F00F76787 /* Tests_macOSLaunchTests.swift in Sources */ = {isa = PBXBuildFile; fileRef = D276576928A3D03F00F76787 /* Tests_macOSLaunchTests.swift */; };
		D276576B28A3D03F00F76787 /* app_memoApp.swift in Sources */ = {isa = PBXBuildFile; fileRef = D276574328A3D03E00F76787 /* app_memoApp.swift */; };
		D276576C28A3D03F00F76787 /* app_memoApp.swift in Sources */ = {isa = PBXBuildFile; fileRef = D276574328A3D03E00F76787 /* app_memoApp.swift */; };
		D276576D28A3D03F00F76787 /* ContentView.swift in Sources */ = {isa = PBXBuildFile; fileRef = D276574428A3D03E00F76787 /* ContentView.swift */; };
		D276576E28A3D03F00F76787 /* ContentView.swift in Sources */ = {isa = PBXBuildFile; fileRef = D276574428A3D03E00F76787 /* ContentView.swift */; };
		D276576F28A3D03F00F76787 /* Assets.xcassets in Resources */ = {isa = PBXBuildFile; fileRef = D276574528A3D03F00F76787 /* Assets.xcassets */; };
		D276577028A3D03F00F76787 /* Assets.xcassets in Resources */ = {isa = PBXBuildFile; fileRef = D276574528A3D03F00F76787 /* Assets.xcassets */; };
/* End PBXBuildFile section */

/* Begin PBXContainerItemProxy section */
		D276575828A3D03F00F76787 /* PBXContainerItemProxy */ = {
			isa = PBXContainerItemProxy;
			containerPortal = D276573E28A3D03E00F76787 /* Project object */;
			proxyType = 1;
			remoteGlobalIDString = D276574928A3D03F00F76787;
			remoteInfo = "app_memo (iOS)";
		};
		D276576428A3D03F00F76787 /* PBXContainerItemProxy */ = {
			isa = PBXContainerItemProxy;
			containerPortal = D276573E28A3D03E00F76787 /* Project object */;
			proxyType = 1;
			remoteGlobalIDString = D276574F28A3D03F00F76787;
			remoteInfo = "app_memo (macOS)";
		};
/* End PBXContainerItemProxy section */

/* Begin PBXFileReference section */
		D276574328A3D03E00F76787 /* app_memoApp.swift */ = {isa = PBXFileReference; lastKnownFileType = sourcecode.swift; path = app_memoApp.swift; sourceTree = "<group>"; };
		D276574428A3D03E00F76787 /* ContentView.swift */ = {isa = PBXFileReference; lastKnownFileType = sourcecode.swift; path = ContentView.swift; sourceTree = "<group>"; };
		D276574528A3D03F00F76787 /* Assets.xcassets */ = {isa = PBXFileReference; lastKnownFileType = folder.assetcatalog; path = Assets.xcassets; sourceTree = "<group>"; };
		D276574A28A3D03F00F76787 /* app_memo.app */ = {isa = PBXFileReference; explicitFileType = wrapper.application; includeInIndex = 0; path = app_memo.app; sourceTree = BUILT_PRODUCTS_DIR; };
		D276575028A3D03F00F76787 /* app_memo.app */ = {isa = PBXFileReference; explicitFileType = wrapper.application; includeInIndex = 0; path = app_memo.app; sourceTree = BUILT_PRODUCTS_DIR; };
		D276575228A3D03F00F76787 /* macOS.entitlements */ = {isa = PBXFileReference; lastKnownFileType = text.plist.entitlements; path = macOS.entitlements; sourceTree = "<group>"; };
		D276575728A3D03F00F76787 /* Tests iOS.xctest */ = {isa = PBXFileReference; explicitFileType = wrapper.cfbundle; includeInIndex = 0; path = "Tests iOS.xctest"; sourceTree = BUILT_PRODUCTS_DIR; };
		D276575B28A3D03F00F76787 /* Tests_iOS.swift */ = {isa = PBXFileReference; lastKnownFileType = sourcecode.swift; path = Tests_iOS.swift; sourceTree = "<group>"; };
		D276575D28A3D03F00F76787 /* Tests_iOSLaunchTests.swift */ = {isa = PBXFileReference; lastKnownFileType = sourcecode.swift; path = Tests_iOSLaunchTests.swift; sourceTree = "<group>"; };
		D276576328A3D03F00F76787 /* Tests macOS.xctest */ = {isa = PBXFileReference; explicitFileType = wrapper.cfbundle; includeInIndex = 0; path = "Tests macOS.xctest"; sourceTree = BUILT_PRODUCTS_DIR; };
		D276576728A3D03F00F76787 /* Tests_macOS.swift */ = {isa = PBXFileReference; lastKnownFileType = sourcecode.swift; path = Tests_macOS.swift; sourceTree = "<group>"; };
		D276576928A3D03F00F76787 /* Tests_macOSLaunchTests.swift */ = {isa = PBXFileReference; lastKnownFileType = sourcecode.swift; path = Tests_macOSLaunchTests.swift; sourceTree = "<group>"; };
/* End PBXFileReference section */

/* Begin PBXFrameworksBuildPhase section */
		D276574728A3D03F00F76787 /* Frameworks */ = {
			isa = PBXFrameworksBuildPhase;
			buildActionMask = 2147483647;
			files = (
			);
			runOnlyForDeploymentPostprocessing = 0;
		};
		D276574D28A3D03F00F76787 /* Frameworks */ = {
			isa = PBXFrameworksBuildPhase;
			buildActionMask = 2147483647;
			files = (
			);
			runOnlyForDeploymentPostprocessing = 0;
		};
		D276575428A3D03F00F76787 /* Frameworks */ = {
			isa = PBXFrameworksBuildPhase;
			buildActionMask = 2147483647;
			files = (
			);
			runOnlyForDeploymentPostprocessing = 0;
		};
		D276576028A3D03F00F76787 /* Frameworks */ = {
			isa = PBXFrameworksBuildPhase;
			buildActionMask = 2147483647;
			files = (
			);
			runOnlyForDeploymentPostprocessing = 0;
		};
/* End PBXFrameworksBuildPhase section */

/* Begin PBXGroup section */
		D276573D28A3D03E00F76787 = {
			isa = PBXGroup;
			children = (
				D276574228A3D03E00F76787 /* Shared */,
				D276575128A3D03F00F76787 /* macOS */,
				D276575A28A3D03F00F76787 /* Tests iOS */,
				D276576628A3D03F00F76787 /* Tests macOS */,
				D276574B28A3D03F00F76787 /* Products */,
			);
			sourceTree = "<group>";
		};
		D276574228A3D03E00F76787 /* Shared */ = {
			isa = PBXGroup;
			children = (
				D276574328A3D03E00F76787 /* app_memoApp.swift */,
				D276574428A3D03E00F76787 /* ContentView.swift */,
				D276574528A3D03F00F76787 /* Assets.xcassets */,
			);
			path = Shared;
			sourceTree = "<group>";
		};
		D276574B28A3D03F00F76787 /* Products */ = {
			isa = PBXGroup;
			children = (
				D276574A28A3D03F00F76787 /* app_memo.app */,
				D276575028A3D03F00F76787 /* app_memo.app */,
				D276575728A3D03F00F76787 /* Tests iOS.xctest */,
				D276576328A3D03F00F76787 /* Tests macOS.xctest */,
			);
			name = Products;
			sourceTree = "<group>";
		};
		D276575128A3D03F00F76787 /* macOS */ = {
			isa = PBXGroup;
			children = (
				D276575228A3D03F00F76787 /* macOS.entitlements */,
			);
			path = macOS;
			sourceTree = "<group>";
		};
		D276575A28A3D03F00F76787 /* Tests iOS */ = {
			isa = PBXGroup;
			children = (
				D276575B28A3D03F00F76787 /* Tests_iOS.swift */,
				D276575D28A3D03F00F76787 /* Tests_iOSLaunchTests.swift */,
			);
			path = "Tests iOS";
			sourceTree = "<group>";
		};
		D276576628A3D03F00F76787 /* Tests macOS */ = {
			isa = PBXGroup;
			children = (
				D276576728A3D03F00F76787 /* Tests_macOS.swift */,
				D276576928A3D03F00F76787 /* Tests_macOSLaunchTests.swift */,
			);
			path = "Tests macOS";
			sourceTree = "<group>";
		};
/* End PBXGroup section */

/* Begin PBXNativeTarget section */
		D276574928A3D03F00F76787 /* app_memo (iOS) */ = {
			isa = PBXNativeTarget;
			buildConfigurationList = D276577328A3D03F00F76787 /* Build configuration list for PBXNativeTarget "app_memo (iOS)" */;
			buildPhases = (
				D276574628A3D03F00F76787 /* Sources */,
				D276574728A3D03F00F76787 /* Frameworks */,
				D276574828A3D03F00F76787 /* Resources */,
			);
			buildRules = (
			);
			dependencies = (
			);
			name = "app_memo (iOS)";
			productName = "app_memo (iOS)";
			productReference = D276574A28A3D03F00F76787 /* app_memo.app */;
			productType = "com.apple.product-type.application";
		};
		D276574F28A3D03F00F76787 /* app_memo (macOS) */ = {
			isa = PBXNativeTarget;
			buildConfigurationList = D276577628A3D03F00F76787 /* Build configuration list for PBXNativeTarget "app_memo (macOS)" */;
			buildPhases = (
				D276574C28A3D03F00F76787 /* Sources */,
				D276574D28A3D03F00F76787 /* Frameworks */,
				D276574E28A3D03F00F76787 /* Resources */,
			);
			buildRules = (
			);
			dependencies = (
			);
			name = "app_memo (macOS)";
			productName = "app_memo (macOS)";
			productReference = D276575028A3D03F00F76787 /* app_memo.app */;
			productType = "com.apple.product-type.application";
		};
		D276575628A3D03F00F76787 /* Tests iOS */ = {
			isa = PBXNativeTarget;
			buildConfigurationList = D276577928A3D03F00F76787 /* Build configuration list for PBXNativeTarget "Tests iOS" */;
			buildPhases = (
				D276575328A3D03F00F76787 /* Sources */,
				D276575428A3D03F00F76787 /* Frameworks */,
				D276575528A3D03F00F76787 /* Resources */,
			);
			buildRules = (
			);
			dependencies = (
				D276575928A3D03F00F76787 /* PBXTargetDependency */,
			);
			name = "Tests iOS";
			productName = "Tests iOS";
			productReference = D276575728A3D03F00F76787 /* Tests iOS.xctest */;
			productType = "com.apple.product-type.bundle.ui-testing";
		};
		D276576228A3D03F00F76787 /* Tests macOS */ = {
			isa = PBXNativeTarget;
			buildConfigurationList = D276577C28A3D03F00F76787 /* Build configuration list for PBXNativeTarget "Tests macOS" */;
			buildPhases = (
				D276575F28A3D03F00F76787 /* Sources */,
				D276576028A3D03F00F76787 /* Frameworks */,
				D276576128A3D03F00F76787 /* Resources */,
			);
			buildRules = (
			);
			dependencies = (
				D276576528A3D03F00F76787 /* PBXTargetDependency */,
			);
			name = "Tests macOS";
			productName = "Tests macOS";
			productReference = D276576328A3D03F00F76787 /* Tests macOS.xctest */;
			productType = "com.apple.product-type.bundle.ui-testing";
		};
/* End PBXNativeTarget section */

/* Begin PBXProject section */
		D276573E28A3D03E00F76787 /* Project object */ = {
			isa = PBXProject;
			attributes = {
				BuildIndependentTargetsInParallel = 1;
				LastSwiftUpdateCheck = 1340;
				LastUpgradeCheck = 1340;
				TargetAttributes = {
					D276574928A3D03F00F76787 = {
						CreatedOnToolsVersion = 13.4.1;
					};
					D276574F28A3D03F00F76787 = {
						CreatedOnToolsVersion = 13.4.1;
					};
					D276575628A3D03F00F76787 = {
						CreatedOnToolsVersion = 13.4.1;
						TestTargetID = D276574928A3D03F00F76787;
					};
					D276576228A3D03F00F76787 = {
						CreatedOnToolsVersion = 13.4.1;
						TestTargetID = D276574F28A3D03F00F76787;
					};
				};
			};
			buildConfigurationList = D276574128A3D03E00F76787 /* Build configuration list for PBXProject "app_memo" */;
			compatibilityVersion = "Xcode 13.0";
			developmentRegion = en;
			hasScannedForEncodings = 0;
			knownRegions = (
				en,
				Base,
			);
			mainGroup = D276573D28A3D03E00F76787;
			productRefGroup = D276574B28A3D03F00F76787 /* Products */;
			projectDirPath = "";
			projectRoot = "";
			targets = (
				D276574928A3D03F00F76787 /* app_memo (iOS) */,
				D276574F28A3D03F00F76787 /* app_memo (macOS) */,
				D276575628A3D03F00F76787 /* Tests iOS */,
				D276576228A3D03F00F76787 /* Tests macOS */,
			);
		};
/* End PBXProject section */

/* Begin PBXResourcesBuildPhase section */
		D276574828A3D03F00F76787 /* Resources */ = {
			isa = PBXResourcesBuildPhase;
			buildActionMask = 2147483647;
			files = (
				D276576F28A3D03F00F76787 /* Assets.xcassets in Resources */,
			);
			runOnlyForDeploymentPostprocessing = 0;
		};
		D276574E28A3D03F00F76787 /* Resources */ = {
			isa = PBXResourcesBuildPhase;
			buildActionMask = 2147483647;
			files = (
				D276577028A3D03F00F76787 /* Assets.xcassets in Resources */,
			);
			runOnlyForDeploymentPostprocessing = 0;
		};
		D276575528A3D03F00F76787 /* Resources */ = {
			isa = PBXResourcesBuildPhase;
			buildActionMask = 2147483647;
			files = (
			);
			runOnlyForDeploymentPostprocessing = 0;
		};
		D276576128A3D03F00F76787 /* Resources */ = {
			isa = PBXResourcesBuildPhase;
			buildActionMask = 2147483647;
			files = (
			);
			runOnlyForDeploymentPostprocessing = 0;
		};
/* End PBXResourcesBuildPhase section */

/* Begin PBXSourcesBuildPhase section */
		D276574628A3D03F00F76787 /* Sources */ = {
			isa = PBXSourcesBuildPhase;
			buildActionMask = 2147483647;
			files = (
				D276576D28A3D03F00F76787 /* ContentView.swift in Sources */,
				D276576B28A3D03F00F76787 /* app_memoApp.swift in Sources */,
			);
			runOnlyForDeploymentPostprocessing = 0;
		};
		D276574C28A3D03F00F76787 /* Sources */ = {
			isa = PBXSourcesBuildPhase;
			buildActionMask = 2147483647;
			files = (
				D276576E28A3D03F00F76787 /* ContentView.swift in Sources */,
				D276576C28A3D03F00F76787 /* app_memoApp.swift in Sources */,
			);
			runOnlyForDeploymentPostprocessing = 0;
		};
		D276575328A3D03F00F76787 /* Sources */ = {
			isa = PBXSourcesBuildPhase;
			buildActionMask = 2147483647;
			files = (
				D276575E28A3D03F00F76787 /* Tests_iOSLaunchTests.swift in Sources */,
				D276575C28A3D03F00F76787 /* Tests_iOS.swift in Sources */,
			);
			runOnlyForDeploymentPostprocessing = 0;
		};
		D276575F28A3D03F00F76787 /* Sources */ = {
			isa = PBXSourcesBuildPhase;
			buildActionMask = 2147483647;
			files = (
				D276576A28A3D03F00F76787 /* Tests_macOSLaunchTests.swift in Sources */,
				D276576828A3D03F00F76787 /* Tests_macOS.swift in Sources */,
			);
			runOnlyForDeploymentPostprocessing = 0;
		};
/* End PBXSourcesBuildPhase section */

/* Begin PBXTargetDependency section */
		D276575928A3D03F00F76787 /* PBXTargetDependency */ = {
			isa = PBXTargetDependency;
			target = D276574928A3D03F00F76787 /* app_memo (iOS) */;
			targetProxy = D276575828A3D03F00F76787 /* PBXContainerItemProxy */;
		};
		D276576528A3D03F00F76787 /* PBXTargetDependency */ = {
			isa = PBXTargetDependency;
			target = D276574F28A3D03F00F76787 /* app_memo (macOS) */;
			targetProxy = D276576428A3D03F00F76787 /* PBXContainerItemProxy */;
		};
/* End PBXTargetDependency section */

/* Begin XCBuildConfiguration section */
		D276577128A3D03F00F76787 /* Debug */ = {
			isa = XCBuildConfiguration;
			buildSettings = {
				ALWAYS_SEARCH_USER_PATHS = NO;
				CLANG_ANALYZER_NONNULL = YES;
				CLANG_ANALYZER_NUMBER_OBJECT_CONVERSION = YES_AGGRESSIVE;
				CLANG_CXX_LANGUAGE_STANDARD = "gnu++17";
				CLANG_ENABLE_MODULES = YES;
				CLANG_ENABLE_OBJC_ARC = YES;
				CLANG_ENABLE_OBJC_WEAK = YES;
				CLANG_WARN_BLOCK_CAPTURE_AUTORELEASING = YES;
				CLANG_WARN_BOOL_CONVERSION = YES;
				CLANG_WARN_COMMA = YES;
				CLANG_WARN_CONSTANT_CONVERSION = YES;
				CLANG_WARN_DEPRECATED_OBJC_IMPLEMENTATIONS = YES;
				CLANG_WARN_DIRECT_OBJC_ISA_USAGE = YES_ERROR;
				CLANG_WARN_DOCUMENTATION_COMMENTS = YES;
				CLANG_WARN_EMPTY_BODY = YES;
				CLANG_WARN_ENUM_CONVERSION = YES;
				CLANG_WARN_INFINITE_RECURSION = YES;
				CLANG_WARN_INT_CONVERSION = YES;
				CLANG_WARN_NON_LITERAL_NULL_CONVERSION = YES;
				CLANG_WARN_OBJC_IMPLICIT_RETAIN_SELF = YES;
				CLANG_WARN_OBJC_LITERAL_CONVERSION = YES;
				CLANG_WARN_OBJC_ROOT_CLASS = YES_ERROR;
				CLANG_WARN_QUOTED_INCLUDE_IN_FRAMEWORK_HEADER = YES;
				CLANG_WARN_RANGE_LOOP_ANALYSIS = YES;
				CLANG_WARN_STRICT_PROTOTYPES = YES;
				CLANG_WARN_SUSPICIOUS_MOVE = YES;
				CLANG_WARN_UNGUARDED_AVAILABILITY = YES_AGGRESSIVE;
				CLANG_WARN_UNREACHABLE_CODE = YES;
				CLANG_WARN__DUPLICATE_METHOD_MATCH = YES;
				COPY_PHASE_STRIP = NO;
				DEBUG_INFORMATION_FORMAT = dwarf;
				ENABLE_STRICT_OBJC_MSGSEND = YES;
				ENABLE_TESTABILITY = YES;
				GCC_C_LANGUAGE_STANDARD = gnu11;
				GCC_DYNAMIC_NO_PIC = NO;
				GCC_NO_COMMON_BLOCKS = YES;
				GCC_OPTIMIZATION_LEVEL = 0;
				GCC_PREPROCESSOR_DEFINITIONS = (
					"DEBUG=1",
					"$(inherited)",
				);
				GCC_WARN_64_TO_32_BIT_CONVERSION = YES;
				GCC_WARN_ABOUT_RETURN_TYPE = YES_ERROR;
				GCC_WARN_UNDECLARED_SELECTOR = YES;
				GCC_WARN_UNINITIALIZED_AUTOS = YES_AGGRESSIVE;
				GCC_WARN_UNUSED_FUNCTION = YES;
				GCC_WARN_UNUSED_VARIABLE = YES;
				MTL_ENABLE_DEBUG_INFO = INCLUDE_SOURCE;
				MTL_FAST_MATH = YES;
				ONLY_ACTIVE_ARCH = YES;
				SWIFT_ACTIVE_COMPILATION_CONDITIONS = DEBUG;
				SWIFT_OPTIMIZATION_LEVEL = "-Onone";
			};
			name = Debug;
		};
		D276577228A3D03F00F76787 /* Release */ = {
			isa = XCBuildConfiguration;
			buildSettings = {
				ALWAYS_SEARCH_USER_PATHS = NO;
				CLANG_ANALYZER_NONNULL = YES;
				CLANG_ANALYZER_NUMBER_OBJECT_CONVERSION = YES_AGGRESSIVE;
				CLANG_CXX_LANGUAGE_STANDARD = "gnu++17";
				CLANG_ENABLE_MODULES = YES;
				CLANG_ENABLE_OBJC_ARC = YES;
				CLANG_ENABLE_OBJC_WEAK = YES;
				CLANG_WARN_BLOCK_CAPTURE_AUTORELEASING = YES;
				CLANG_WARN_BOOL_CONVERSION = YES;
				CLANG_WARN_COMMA = YES;
				CLANG_WARN_CONSTANT_CONVERSION = YES;
				CLANG_WARN_DEPRECATED_OBJC_IMPLEMENTATIONS = YES;
				CLANG_WARN_DIRECT_OBJC_ISA_USAGE = YES_ERROR;
				CLANG_WARN_DOCUMENTATION_COMMENTS = YES;
				CLANG_WARN_EMPTY_BODY = YES;
				CLANG_WARN_ENUM_CONVERSION = YES;
				CLANG_WARN_INFINITE_RECURSION = YES;
				CLANG_WARN_INT_CONVERSION = YES;
				CLANG_WARN_NON_LITERAL_NULL_CONVERSION = YES;
				CLANG_WARN_OBJC_IMPLICIT_RETAIN_SELF = YES;
				CLANG_WARN_OBJC_LITERAL_CONVERSION = YES;
				CLANG_WARN_OBJC_ROOT_CLASS = YES_ERROR;
				CLANG_WARN_QUOTED_INCLUDE_IN_FRAMEWORK_HEADER = YES;
				CLANG_WARN_RANGE_LOOP_ANALYSIS = YES;
				CLANG_WARN_STRICT_PROTOTYPES = YES;
				CLANG_WARN_SUSPICIOUS_MOVE = YES;
				CLANG_WARN_UNGUARDED_AVAILABILITY = YES_AGGRESSIVE;
				CLANG_WARN_UNREACHABLE_CODE = YES;
				CLANG_WARN__DUPLICATE_METHOD_MATCH = YES;
				COPY_PHASE_STRIP = NO;
				DEBUG_INFORMATION_FORMAT = "dwarf-with-dsym";
				ENABLE_NS_ASSERTIONS = NO;
				ENABLE_STRICT_OBJC_MSGSEND = YES;
				GCC_C_LANGUAGE_STANDARD = gnu11;
				GCC_NO_COMMON_BLOCKS = YES;
				GCC_WARN_64_TO_32_BIT_CONVERSION = YES;
				GCC_WARN_ABOUT_RETURN_TYPE = YES_ERROR;
				GCC_WARN_UNDECLARED_SELECTOR = YES;
				GCC_WARN_UNINITIALIZED_AUTOS = YES_AGGRESSIVE;
				GCC_WARN_UNUSED_FUNCTION = YES;
				GCC_WARN_UNUSED_VARIABLE = YES;
				MTL_ENABLE_DEBUG_INFO = NO;
				MTL_FAST_MATH = YES;
				SWIFT_COMPILATION_MODE = wholemodule;
				SWIFT_OPTIMIZATION_LEVEL = "-O";
			};
			name = Release;
		};
		D276577428A3D03F00F76787 /* Debug */ = {
			isa = XCBuildConfiguration;
			buildSettings = {
				ASSETCATALOG_COMPILER_APPICON_NAME = AppIcon;
				ASSETCATALOG_COMPILER_GLOBAL_ACCENT_COLOR_NAME = AccentColor;
				CODE_SIGN_STYLE = Automatic;
				CURRENT_PROJECT_VERSION = 1;
				DEVELOPMENT_TEAM = 329ZWT7W4Z;
				ENABLE_PREVIEWS = YES;
				GENERATE_INFOPLIST_FILE = YES;
				INFOPLIST_KEY_UIApplicationSceneManifest_Generation = YES;
				INFOPLIST_KEY_UIApplicationSupportsIndirectInputEvents = YES;
				INFOPLIST_KEY_UILaunchScreen_Generation = YES;
				INFOPLIST_KEY_UISupportedInterfaceOrientations_iPad = "UIInterfaceOrientationPortrait UIInterfaceOrientationPortraitUpsideDown UIInterfaceOrientationLandscapeLeft UIInterfaceOrientationLandscapeRight";
				INFOPLIST_KEY_UISupportedInterfaceOrientations_iPhone = "UIInterfaceOrientationPortrait UIInterfaceOrientationLandscapeLeft UIInterfaceOrientationLandscapeRight";
				IPHONEOS_DEPLOYMENT_TARGET = 15.5;
				LD_RUNPATH_SEARCH_PATHS = (
					"$(inherited)",
					"@executable_path/Frameworks",
				);
				MARKETING_VERSION = 1.0;
				PRODUCT_BUNDLE_IDENTIFIER = "demo.app-memo";
				PRODUCT_NAME = app_memo;
				SDKROOT = iphoneos;
				SWIFT_EMIT_LOC_STRINGS = YES;
				SWIFT_VERSION = 5.0;
				TARGETED_DEVICE_FAMILY = "1,2";
			};
			name = Debug;
		};
		D276577528A3D03F00F76787 /* Release */ = {
			isa = XCBuildConfiguration;
			buildSettings = {
				ASSETCATALOG_COMPILER_APPICON_NAME = AppIcon;
				ASSETCATALOG_COMPILER_GLOBAL_ACCENT_COLOR_NAME = AccentColor;
				CODE_SIGN_STYLE = Automatic;
				CURRENT_PROJECT_VERSION = 1;
				DEVELOPMENT_TEAM = 329ZWT7W4Z;
				ENABLE_PREVIEWS = YES;
				GENERATE_INFOPLIST_FILE = YES;
				INFOPLIST_KEY_UIApplicationSceneManifest_Generation = YES;
				INFOPLIST_KEY_UIApplicationSupportsIndirectInputEvents = YES;
				INFOPLIST_KEY_UILaunchScreen_Generation = YES;
				INFOPLIST_KEY_UISupportedInterfaceOrientations_iPad = "UIInterfaceOrientationPortrait UIInterfaceOrientationPortraitUpsideDown UIInterfaceOrientationLandscapeLeft UIInterfaceOrientationLandscapeRight";
				INFOPLIST_KEY_UISupportedInterfaceOrientations_iPhone = "UIInterfaceOrientationPortrait UIInterfaceOrientationLandscapeLeft UIInterfaceOrientationLandscapeRight";
				IPHONEOS_DEPLOYMENT_TARGET = 15.5;
				LD_RUNPATH_SEARCH_PATHS = (
					"$(inherited)",
					"@executable_path/Frameworks",
				);
				MARKETING_VERSION = 1.0;
				PRODUCT_BUNDLE_IDENTIFIER = "demo.app-memo";
				PRODUCT_NAME = app_memo;
				SDKROOT = iphoneos;
				SWIFT_EMIT_LOC_STRINGS = YES;
				SWIFT_VERSION = 5.0;
				TARGETED_DEVICE_FAMILY = "1,2";
				VALIDATE_PRODUCT = YES;
			};
			name = Release;
		};
		D276577728A3D03F00F76787 /* Debug */ = {
			isa = XCBuildConfiguration;
			buildSettings = {
				ASSETCATALOG_COMPILER_APPICON_NAME = AppIcon;
				ASSETCATALOG_COMPILER_GLOBAL_ACCENT_COLOR_NAME = AccentColor;
				CODE_SIGN_ENTITLEMENTS = macOS/macOS.entitlements;
				CODE_SIGN_STYLE = Automatic;
				COMBINE_HIDPI_IMAGES = YES;
				CURRENT_PROJECT_VERSION = 1;
				DEVELOPMENT_TEAM = 329ZWT7W4Z;
				ENABLE_HARDENED_RUNTIME = YES;
				ENABLE_PREVIEWS = YES;
				GENERATE_INFOPLIST_FILE = YES;
				INFOPLIST_KEY_NSHumanReadableCopyright = "";
				LD_RUNPATH_SEARCH_PATHS = (
					"$(inherited)",
					"@executable_path/../Frameworks",
				);
				MACOSX_DEPLOYMENT_TARGET = 12.3;
				MARKETING_VERSION = 1.0;
				PRODUCT_BUNDLE_IDENTIFIER = "demo.app-memo";
				PRODUCT_NAME = app_memo;
				SDKROOT = macosx;
				SWIFT_EMIT_LOC_STRINGS = YES;
				SWIFT_VERSION = 5.0;
			};
			name = Debug;
		};
		D276577828A3D03F00F76787 /* Release */ = {
			isa = XCBuildConfiguration;
			buildSettings = {
				ASSETCATALOG_COMPILER_APPICON_NAME = AppIcon;
				ASSETCATALOG_COMPILER_GLOBAL_ACCENT_COLOR_NAME = AccentColor;
				CODE_SIGN_ENTITLEMENTS = macOS/macOS.entitlements;
				CODE_SIGN_STYLE = Automatic;
				COMBINE_HIDPI_IMAGES = YES;
				CURRENT_PROJECT_VERSION = 1;
				DEVELOPMENT_TEAM = 329ZWT7W4Z;
				ENABLE_HARDENED_RUNTIME = YES;
				ENABLE_PREVIEWS = YES;
				GENERATE_INFOPLIST_FILE = YES;
				INFOPLIST_KEY_NSHumanReadableCopyright = "";
				LD_RUNPATH_SEARCH_PATHS = (
					"$(inherited)",
					"@executable_path/../Frameworks",
				);
				MACOSX_DEPLOYMENT_TARGET = 12.3;
				MARKETING_VERSION = 1.0;
				PRODUCT_BUNDLE_IDENTIFIER = "demo.app-memo";
				PRODUCT_NAME = app_memo;
				SDKROOT = macosx;
				SWIFT_EMIT_LOC_STRINGS = YES;
				SWIFT_VERSION = 5.0;
			};
			name = Release;
		};
		D276577A28A3D03F00F76787 /* Debug */ = {
			isa = XCBuildConfiguration;
			buildSettings = {
				ALWAYS_EMBED_SWIFT_STANDARD_LIBRARIES = YES;
				CODE_SIGN_STYLE = Automatic;
				CURRENT_PROJECT_VERSION = 1;
				DEVELOPMENT_TEAM = 329ZWT7W4Z;
				GENERATE_INFOPLIST_FILE = YES;
				IPHONEOS_DEPLOYMENT_TARGET = 15.5;
				MARKETING_VERSION = 1.0;
				PRODUCT_BUNDLE_IDENTIFIER = "demo.Tests-iOS";
				PRODUCT_NAME = "$(TARGET_NAME)";
				SDKROOT = iphoneos;
				SWIFT_EMIT_LOC_STRINGS = NO;
				SWIFT_VERSION = 5.0;
				TARGETED_DEVICE_FAMILY = "1,2";
				TEST_TARGET_NAME = "app_memo (iOS)";
			};
			name = Debug;
		};
		D276577B28A3D03F00F76787 /* Release */ = {
			isa = XCBuildConfiguration;
			buildSettings = {
				ALWAYS_EMBED_SWIFT_STANDARD_LIBRARIES = YES;
				CODE_SIGN_STYLE = Automatic;
				CURRENT_PROJECT_VERSION = 1;
				DEVELOPMENT_TEAM = 329ZWT7W4Z;
				GENERATE_INFOPLIST_FILE = YES;
				IPHONEOS_DEPLOYMENT_TARGET = 15.5;
				MARKETING_VERSION = 1.0;
				PRODUCT_BUNDLE_IDENTIFIER = "demo.Tests-iOS";
				PRODUCT_NAME = "$(TARGET_NAME)";
				SDKROOT = iphoneos;
				SWIFT_EMIT_LOC_STRINGS = NO;
				SWIFT_VERSION = 5.0;
				TARGETED_DEVICE_FAMILY = "1,2";
				TEST_TARGET_NAME = "app_memo (iOS)";
				VALIDATE_PRODUCT = YES;
			};
			name = Release;
		};
		D276577D28A3D03F00F76787 /* Debug */ = {
			isa = XCBuildConfiguration;
			buildSettings = {
				ALWAYS_EMBED_SWIFT_STANDARD_LIBRARIES = YES;
				CODE_SIGN_STYLE = Automatic;
				CURRENT_PROJECT_VERSION = 1;
				DEVELOPMENT_TEAM = 329ZWT7W4Z;
				GENERATE_INFOPLIST_FILE = YES;
				MACOSX_DEPLOYMENT_TARGET = 12.3;
				MARKETING_VERSION = 1.0;
				PRODUCT_BUNDLE_IDENTIFIER = "demo.Tests-macOS";
				PRODUCT_NAME = "$(TARGET_NAME)";
				SDKROOT = macosx;
				SWIFT_EMIT_LOC_STRINGS = NO;
				SWIFT_VERSION = 5.0;
				TEST_TARGET_NAME = "app_memo (macOS)";
			};
			name = Debug;
		};
		D276577E28A3D03F00F76787 /* Release */ = {
			isa = XCBuildConfiguration;
			buildSettings = {
				ALWAYS_EMBED_SWIFT_STANDARD_LIBRARIES = YES;
				CODE_SIGN_STYLE = Automatic;
				CURRENT_PROJECT_VERSION = 1;
				DEVELOPMENT_TEAM = 329ZWT7W4Z;
				GENERATE_INFOPLIST_FILE = YES;
				MACOSX_DEPLOYMENT_TARGET = 12.3;
				MARKETING_VERSION = 1.0;
				PRODUCT_BUNDLE_IDENTIFIER = "demo.Tests-macOS";
				PRODUCT_NAME = "$(TARGET_NAME)";
				SDKROOT = macosx;
				SWIFT_EMIT_LOC_STRINGS = NO;
				SWIFT_VERSION = 5.0;
				TEST_TARGET_NAME = "app_memo (macOS)";
			};
			name = Release;
		};
/* End XCBuildConfiguration section */

/* Begin XCConfigurationList section */
		D276574128A3D03E00F76787 /* Build configuration list for PBXProject "app_memo" */ = {
			isa = XCConfigurationList;
			buildConfigurations = (
				D276577128A3D03F00F76787 /* Debug */,
				D276577228A3D03F00F76787 /* Release */,
			);
			defaultConfigurationIsVisible = 0;
			defaultConfigurationName = Release;
		};
		D276577328A3D03F00F76787 /* Build configuration list for PBXNativeTarget "app_memo (iOS)" */ = {
			isa = XCConfigurationList;
			buildConfigurations = (
				D276577428A3D03F00F76787 /* Debug */,
				D276577528A3D03F00F76787 /* Release */,
			);
			defaultConfigurationIsVisible = 0;
			defaultConfigurationName = Release;
		};
		D276577628A3D03F00F76787 /* Build configuration list for PBXNativeTarget "app_memo (macOS)" */ = {
			isa = XCConfigurationList;
			buildConfigurations = (
				D276577728A3D03F00F76787 /* Debug */,
				D276577828A3D03F00F76787 /* Release */,
			);
			defaultConfigurationIsVisible = 0;
			defaultConfigurationName = Release;
		};
		D276577928A3D03F00F76787 /* Build configuration list for PBXNativeTarget "Tests iOS" */ = {
			isa = XCConfigurationList;
			buildConfigurations = (
				D276577A28A3D03F00F76787 /* Debug */,
				D276577B28A3D03F00F76787 /* Release */,
			);
			defaultConfigurationIsVisible = 0;
			defaultConfigurationName = Release;
		};
		D276577C28A3D03F00F76787 /* Build configuration list for PBXNativeTarget "Tests macOS" */ = {
			isa = XCConfigurationList;
			buildConfigurations = (
				D276577D28A3D03F00F76787 /* Debug */,
				D276577E28A3D03F00F76787 /* Release */,
			);
			defaultConfigurationIsVisible = 0;
			defaultConfigurationName = Release;
		};
/* End XCConfigurationList section */
	};
	rootObject = D276573E28A3D03E00F76787 /* Project object */;
}
